// !$*UTF8*$!
{
	archiveVersion = 1;
	classes = {
	};
	objectVersion = 46;
	objects = {

/* Begin PBXBuildFile section */
		9E167F2B1BB648D100B6B17A /* main.m in Sources */ = {isa = PBXBuildFile; fileRef = 9E167F2A1BB648D100B6B17A /* main.m */; };
		9E167F2E1BB648D100B6B17A /* AppDelegate.m in Sources */ = {isa = PBXBuildFile; fileRef = 9E167F2D1BB648D100B6B17A /* AppDelegate.m */; };
		9E167F311BB648D100B6B17A /* ViewController.m in Sources */ = {isa = PBXBuildFile; fileRef = 9E167F301BB648D100B6B17A /* ViewController.m */; };
		9E167F341BB648D100B6B17A /* Main.storyboard in Resources */ = {isa = PBXBuildFile; fileRef = 9E167F321BB648D100B6B17A /* Main.storyboard */; };
		9E167F371BB648D100B6B17A /* QAchat.xcdatamodeld in Sources */ = {isa = PBXBuildFile; fileRef = 9E167F351BB648D100B6B17A /* QAchat.xcdatamodeld */; };
		9E167F391BB648D100B6B17A /* Assets.xcassets in Resources */ = {isa = PBXBuildFile; fileRef = 9E167F381BB648D100B6B17A /* Assets.xcassets */; };
		9E167F3C1BB648D100B6B17A /* LaunchScreen.storyboard in Resources */ = {isa = PBXBuildFile; fileRef = 9E167F3A1BB648D100B6B17A /* LaunchScreen.storyboard */; };
		9E167F4D1BB64EE300B6B17A /* HomeViewController.m in Sources */ = {isa = PBXBuildFile; fileRef = 9E167F4C1BB64EE300B6B17A /* HomeViewController.m */; settings = {ASSET_TAGS = (); }; };
		9E167F501BB64EF100B6B17A /* QuestionViewController.m in Sources */ = {isa = PBXBuildFile; fileRef = 9E167F4F1BB64EF100B6B17A /* QuestionViewController.m */; settings = {ASSET_TAGS = (); }; };
		9E167F531BB64F0C00B6B17A /* AnswerViewController.m in Sources */ = {isa = PBXBuildFile; fileRef = 9E167F521BB64F0C00B6B17A /* AnswerViewController.m */; settings = {ASSET_TAGS = (); }; };
		9E167F561BB64F2B00B6B17A /* UserViewController.m in Sources */ = {isa = PBXBuildFile; fileRef = 9E167F551BB64F2B00B6B17A /* UserViewController.m */; settings = {ASSET_TAGS = (); }; };
		9E2A60361BB7089F002B2843 /* CFNetwork.framework in Frameworks */ = {isa = PBXBuildFile; fileRef = 9E2A60351BB7089F002B2843 /* CFNetwork.framework */; };
		9E2A60391BB708BC002B2843 /* Security.framework in Frameworks */ = {isa = PBXBuildFile; fileRef = 9E2A60381BB708BC002B2843 /* Security.framework */; };
		9E2A603B1BB708DF002B2843 /* Foundation.framework in Frameworks */ = {isa = PBXBuildFile; fileRef = 9E2A603A1BB708DF002B2843 /* Foundation.framework */; };
		9E2A603D1BB708EA002B2843 /* UIKit.framework in Frameworks */ = {isa = PBXBuildFile; fileRef = 9E2A603C1BB708EA002B2843 /* UIKit.framework */; };
		9E2A603F1BB708F2002B2843 /* CoreGraphics.framework in Frameworks */ = {isa = PBXBuildFile; fileRef = 9E2A603E1BB708F2002B2843 /* CoreGraphics.framework */; };
		9E2A60411BB709BA002B2843 /* libicucore.tbd in Frameworks */ = {isa = PBXBuildFile; fileRef = 9E2A60401BB709BA002B2843 /* libicucore.tbd */; };
		9E2A604F1BB72B98002B2843 /* SIOSocket.m in Sources */ = {isa = PBXBuildFile; fileRef = 9E2A604D1BB72B98002B2843 /* SIOSocket.m */; settings = {ASSET_TAGS = (); }; };
/* End PBXBuildFile section */

/* Begin PBXFileReference section */
		9E167F261BB648D100B6B17A /* QAchat.app */ = {isa = PBXFileReference; explicitFileType = wrapper.application; includeInIndex = 0; path = QAchat.app; sourceTree = BUILT_PRODUCTS_DIR; };
		9E167F2A1BB648D100B6B17A /* main.m */ = {isa = PBXFileReference; lastKnownFileType = sourcecode.c.objc; path = main.m; sourceTree = "<group>"; };
		9E167F2C1BB648D100B6B17A /* AppDelegate.h */ = {isa = PBXFileReference; lastKnownFileType = sourcecode.c.h; path = AppDelegate.h; sourceTree = "<group>"; };
		9E167F2D1BB648D100B6B17A /* AppDelegate.m */ = {isa = PBXFileReference; lastKnownFileType = sourcecode.c.objc; path = AppDelegate.m; sourceTree = "<group>"; };
		9E167F2F1BB648D100B6B17A /* ViewController.h */ = {isa = PBXFileReference; lastKnownFileType = sourcecode.c.h; path = ViewController.h; sourceTree = "<group>"; };
		9E167F301BB648D100B6B17A /* ViewController.m */ = {isa = PBXFileReference; lastKnownFileType = sourcecode.c.objc; path = ViewController.m; sourceTree = "<group>"; };
		9E167F331BB648D100B6B17A /* Base */ = {isa = PBXFileReference; lastKnownFileType = file.storyboard; name = Base; path = Base.lproj/Main.storyboard; sourceTree = "<group>"; };
		9E167F361BB648D100B6B17A /* QAchat.xcdatamodel */ = {isa = PBXFileReference; lastKnownFileType = wrapper.xcdatamodel; path = QAchat.xcdatamodel; sourceTree = "<group>"; };
		9E167F381BB648D100B6B17A /* Assets.xcassets */ = {isa = PBXFileReference; lastKnownFileType = folder.assetcatalog; path = Assets.xcassets; sourceTree = "<group>"; };
		9E167F3B1BB648D100B6B17A /* Base */ = {isa = PBXFileReference; lastKnownFileType = file.storyboard; name = Base; path = Base.lproj/LaunchScreen.storyboard; sourceTree = "<group>"; };
		9E167F3D1BB648D100B6B17A /* Info.plist */ = {isa = PBXFileReference; lastKnownFileType = text.plist.xml; path = Info.plist; sourceTree = "<group>"; };
		9E167F4B1BB64EE300B6B17A /* HomeViewController.h */ = {isa = PBXFileReference; fileEncoding = 4; lastKnownFileType = sourcecode.c.h; path = HomeViewController.h; sourceTree = "<group>"; };
		9E167F4C1BB64EE300B6B17A /* HomeViewController.m */ = {isa = PBXFileReference; fileEncoding = 4; lastKnownFileType = sourcecode.c.objc; path = HomeViewController.m; sourceTree = "<group>"; };
		9E167F4E1BB64EF100B6B17A /* QuestionViewController.h */ = {isa = PBXFileReference; fileEncoding = 4; lastKnownFileType = sourcecode.c.h; path = QuestionViewController.h; sourceTree = "<group>"; };
		9E167F4F1BB64EF100B6B17A /* QuestionViewController.m */ = {isa = PBXFileReference; fileEncoding = 4; lastKnownFileType = sourcecode.c.objc; path = QuestionViewController.m; sourceTree = "<group>"; };
		9E167F511BB64F0C00B6B17A /* AnswerViewController.h */ = {isa = PBXFileReference; fileEncoding = 4; lastKnownFileType = sourcecode.c.h; path = AnswerViewController.h; sourceTree = "<group>"; };
		9E167F521BB64F0C00B6B17A /* AnswerViewController.m */ = {isa = PBXFileReference; fileEncoding = 4; lastKnownFileType = sourcecode.c.objc; path = AnswerViewController.m; sourceTree = "<group>"; };
		9E167F541BB64F2B00B6B17A /* UserViewController.h */ = {isa = PBXFileReference; fileEncoding = 4; lastKnownFileType = sourcecode.c.h; path = UserViewController.h; sourceTree = "<group>"; };
		9E167F551BB64F2B00B6B17A /* UserViewController.m */ = {isa = PBXFileReference; fileEncoding = 4; lastKnownFileType = sourcecode.c.objc; path = UserViewController.m; sourceTree = "<group>"; };
		9E2A60351BB7089F002B2843 /* CFNetwork.framework */ = {isa = PBXFileReference; lastKnownFileType = wrapper.framework; name = CFNetwork.framework; path = System/Library/Frameworks/CFNetwork.framework; sourceTree = SDKROOT; };
		9E2A60381BB708BC002B2843 /* Security.framework */ = {isa = PBXFileReference; lastKnownFileType = wrapper.framework; name = Security.framework; path = System/Library/Frameworks/Security.framework; sourceTree = SDKROOT; };
		9E2A603A1BB708DF002B2843 /* Foundation.framework */ = {isa = PBXFileReference; lastKnownFileType = wrapper.framework; name = Foundation.framework; path = System/Library/Frameworks/Foundation.framework; sourceTree = SDKROOT; };
		9E2A603C1BB708EA002B2843 /* UIKit.framework */ = {isa = PBXFileReference; lastKnownFileType = wrapper.framework; name = UIKit.framework; path = System/Library/Frameworks/UIKit.framework; sourceTree = SDKROOT; };
		9E2A603E1BB708F2002B2843 /* CoreGraphics.framework */ = {isa = PBXFileReference; lastKnownFileType = wrapper.framework; name = CoreGraphics.framework; path = System/Library/Frameworks/CoreGraphics.framework; sourceTree = SDKROOT; };
		9E2A60401BB709BA002B2843 /* libicucore.tbd */ = {isa = PBXFileReference; lastKnownFileType = "sourcecode.text-based-dylib-definition"; name = libicucore.tbd; path = usr/lib/libicucore.tbd; sourceTree = SDKROOT; };
		9E2A604C1BB72B98002B2843 /* SIOSocket.h */ = {isa = PBXFileReference; fileEncoding = 4; lastKnownFileType = sourcecode.c.h; path = SIOSocket.h; sourceTree = "<group>"; };
		9E2A604D1BB72B98002B2843 /* SIOSocket.m */ = {isa = PBXFileReference; fileEncoding = 4; lastKnownFileType = sourcecode.c.objc; path = SIOSocket.m; sourceTree = "<group>"; };
		9E2A604E1BB72B98002B2843 /* socket.io.js.h */ = {isa = PBXFileReference; fileEncoding = 4; lastKnownFileType = sourcecode.c.h; path = socket.io.js.h; sourceTree = "<group>"; };
		9E2A60551BB78CF0002B2843 /* Define.h */ = {isa = PBXFileReference; lastKnownFileType = sourcecode.c.h; path = Define.h; sourceTree = "<group>"; };
/* End PBXFileReference section */

/* Begin PBXFrameworksBuildPhase section */
		9E167F231BB648D100B6B17A /* Frameworks */ = {
			isa = PBXFrameworksBuildPhase;
			buildActionMask = 2147483647;
			files = (
				9E2A60411BB709BA002B2843 /* libicucore.tbd in Frameworks */,
				9E2A603F1BB708F2002B2843 /* CoreGraphics.framework in Frameworks */,
				9E2A603D1BB708EA002B2843 /* UIKit.framework in Frameworks */,
				9E2A603B1BB708DF002B2843 /* Foundation.framework in Frameworks */,
				9E2A60391BB708BC002B2843 /* Security.framework in Frameworks */,
				9E2A60361BB7089F002B2843 /* CFNetwork.framework in Frameworks */,
			);
			runOnlyForDeploymentPostprocessing = 0;
		};
/* End PBXFrameworksBuildPhase section */

/* Begin PBXGroup section */
		9E167F1D1BB648D100B6B17A = {
			isa = PBXGroup;
			children = (
				9E167F281BB648D100B6B17A /* QAchat */,
				9E2A60371BB708AA002B2843 /* Frameworks */,
				9E167F271BB648D100B6B17A /* Products */,
			);
			sourceTree = "<group>";
		};
		9E167F271BB648D100B6B17A /* Products */ = {
			isa = PBXGroup;
			children = (
				9E167F261BB648D100B6B17A /* QAchat.app */,
			);
			name = Products;
			sourceTree = "<group>";
		};
		9E167F281BB648D100B6B17A /* QAchat */ = {
			isa = PBXGroup;
			children = (
				9E2A60551BB78CF0002B2843 /* Define.h */,
				9E167F2C1BB648D100B6B17A /* AppDelegate.h */,
				9E167F2D1BB648D100B6B17A /* AppDelegate.m */,
				9E2A5FF51BB6FE4D002B2843 /* Libs */,
				9E167F441BB64D4800B6B17A /* ViewController */,
				9E167F2F1BB648D100B6B17A /* ViewController.h */,
				9E167F301BB648D100B6B17A /* ViewController.m */,
				9E167F291BB648D100B6B17A /* Supporting Files */,
			);
			path = QAchat;
			sourceTree = "<group>";
		};
		9E167F291BB648D100B6B17A /* Supporting Files */ = {
			isa = PBXGroup;
			children = (
				9E167F321BB648D100B6B17A /* Main.storyboard */,
				9E167F3A1BB648D100B6B17A /* LaunchScreen.storyboard */,
				9E167F351BB648D100B6B17A /* QAchat.xcdatamodeld */,
				9E167F381BB648D100B6B17A /* Assets.xcassets */,
				9E167F2A1BB648D100B6B17A /* main.m */,
				9E167F3D1BB648D100B6B17A /* Info.plist */,
			);
			name = "Supporting Files";
			sourceTree = "<group>";
		};
		9E167F441BB64D4800B6B17A /* ViewController */ = {
			isa = PBXGroup;
			children = (
				9E167F4B1BB64EE300B6B17A /* HomeViewController.h */,
				9E167F4C1BB64EE300B6B17A /* HomeViewController.m */,
				9E167F4E1BB64EF100B6B17A /* QuestionViewController.h */,
				9E167F4F1BB64EF100B6B17A /* QuestionViewController.m */,
				9E167F511BB64F0C00B6B17A /* AnswerViewController.h */,
				9E167F521BB64F0C00B6B17A /* AnswerViewController.m */,
				9E167F541BB64F2B00B6B17A /* UserViewController.h */,
				9E167F551BB64F2B00B6B17A /* UserViewController.m */,
			);
			path = ViewController;
			sourceTree = "<group>";
		};
		9E2A5FF51BB6FE4D002B2843 /* Libs */ = {
			isa = PBXGroup;
			children = (
				9E2A60421BB72018002B2843 /* SocketIO */,
			);
			path = Libs;
			sourceTree = "<group>";
		};
		9E2A60371BB708AA002B2843 /* Frameworks */ = {
			isa = PBXGroup;
			children = (
				9E2A60401BB709BA002B2843 /* libicucore.tbd */,
				9E2A603E1BB708F2002B2843 /* CoreGraphics.framework */,
				9E2A603C1BB708EA002B2843 /* UIKit.framework */,
				9E2A603A1BB708DF002B2843 /* Foundation.framework */,
				9E2A60381BB708BC002B2843 /* Security.framework */,
				9E2A60351BB7089F002B2843 /* CFNetwork.framework */,
			);
			name = Frameworks;
			path = QAchat;
			sourceTree = "<group>";
		};
		9E2A60421BB72018002B2843 /* SocketIO */ = {
			isa = PBXGroup;
			children = (
				9E2A604C1BB72B98002B2843 /* SIOSocket.h */,
				9E2A604D1BB72B98002B2843 /* SIOSocket.m */,
				9E2A604E1BB72B98002B2843 /* socket.io.js.h */,
			);
			name = SocketIO;
			path = QAchat/Libs/SocketIO;
			sourceTree = SOURCE_ROOT;
		};
/* End PBXGroup section */

/* Begin PBXNativeTarget section */
		9E167F251BB648D100B6B17A /* QAchat */ = {
			isa = PBXNativeTarget;
			buildConfigurationList = 9E167F401BB648D100B6B17A /* Build configuration list for PBXNativeTarget "QAchat" */;
			buildPhases = (
				9E167F221BB648D100B6B17A /* Sources */,
				9E167F231BB648D100B6B17A /* Frameworks */,
				9E167F241BB648D100B6B17A /* Resources */,
			);
			buildRules = (
			);
			dependencies = (
			);
			name = QAchat;
			productName = QAchat;
			productReference = 9E167F261BB648D100B6B17A /* QAchat.app */;
			productType = "com.apple.product-type.application";
		};
/* End PBXNativeTarget section */

/* Begin PBXProject section */
		9E167F1E1BB648D100B6B17A /* Project object */ = {
			isa = PBXProject;
			attributes = {
				LastUpgradeCheck = 0700;
				ORGANIZATIONNAME = HungHuynh;
				TargetAttributes = {
					9E167F251BB648D100B6B17A = {
						CreatedOnToolsVersion = 7.0;
					};
				};
			};
			buildConfigurationList = 9E167F211BB648D100B6B17A /* Build configuration list for PBXProject "QAchat" */;
			compatibilityVersion = "Xcode 3.2";
			developmentRegion = English;
			hasScannedForEncodings = 0;
			knownRegions = (
				en,
				Base,
			);
			mainGroup = 9E167F1D1BB648D100B6B17A;
			productRefGroup = 9E167F271BB648D100B6B17A /* Products */;
			projectDirPath = "";
			projectRoot = "";
			targets = (
				9E167F251BB648D100B6B17A /* QAchat */,
			);
		};
/* End PBXProject section */

/* Begin PBXResourcesBuildPhase section */
		9E167F241BB648D100B6B17A /* Resources */ = {
			isa = PBXResourcesBuildPhase;
			buildActionMask = 2147483647;
			files = (
				9E167F3C1BB648D100B6B17A /* LaunchScreen.storyboard in Resources */,
				9E167F391BB648D100B6B17A /* Assets.xcassets in Resources */,
				9E167F341BB648D100B6B17A /* Main.storyboard in Resources */,
			);
			runOnlyForDeploymentPostprocessing = 0;
		};
/* End PBXResourcesBuildPhase section */

/* Begin PBXSourcesBuildPhase section */
		9E167F221BB648D100B6B17A /* Sources */ = {
			isa = PBXSourcesBuildPhase;
			buildActionMask = 2147483647;
			files = (
				9E167F311BB648D100B6B17A /* ViewController.m in Sources */,
				9E167F371BB648D100B6B17A /* QAchat.xcdatamodeld in Sources */,
				9E167F531BB64F0C00B6B17A /* AnswerViewController.m in Sources */,
				9E167F501BB64EF100B6B17A /* QuestionViewController.m in Sources */,
				9E167F2E1BB648D100B6B17A /* AppDelegate.m in Sources */,
				9E167F561BB64F2B00B6B17A /* UserViewController.m in Sources */,
				9E167F4D1BB64EE300B6B17A /* HomeViewController.m in Sources */,
				9E2A604F1BB72B98002B2843 /* SIOSocket.m in Sources */,
				9E167F2B1BB648D100B6B17A /* main.m in Sources */,
			);
			runOnlyForDeploymentPostprocessing = 0;
		};
/* End PBXSourcesBuildPhase section */

/* Begin PBXVariantGroup section */
		9E167F321BB648D100B6B17A /* Main.storyboard */ = {
			isa = PBXVariantGroup;
			children = (
				9E167F331BB648D100B6B17A /* Base */,
			);
			name = Main.storyboard;
			sourceTree = "<group>";
		};
		9E167F3A1BB648D100B6B17A /* LaunchScreen.storyboard */ = {
			isa = PBXVariantGroup;
			children = (
				9E167F3B1BB648D100B6B17A /* Base */,
			);
			name = LaunchScreen.storyboard;
			sourceTree = "<group>";
		};
/* End PBXVariantGroup section */

/* Begin XCBuildConfiguration section */
		9E167F3E1BB648D100B6B17A /* Debug */ = {
			isa = XCBuildConfiguration;
			buildSettings = {
				ALWAYS_SEARCH_USER_PATHS = NO;
				CLANG_CXX_LANGUAGE_STANDARD = "gnu++0x";
				CLANG_CXX_LIBRARY = "libc++";
				CLANG_ENABLE_MODULES = YES;
				CLANG_ENABLE_OBJC_ARC = YES;
				CLANG_WARN_BOOL_CONVERSION = YES;
				CLANG_WARN_CONSTANT_CONVERSION = YES;
				CLANG_WARN_DIRECT_OBJC_ISA_USAGE = YES_ERROR;
				CLANG_WARN_EMPTY_BODY = YES;
				CLANG_WARN_ENUM_CONVERSION = YES;
				CLANG_WARN_INT_CONVERSION = YES;
				CLANG_WARN_OBJC_ROOT_CLASS = YES_ERROR;
				CLANG_WARN_UNREACHABLE_CODE = YES;
				CLANG_WARN__DUPLICATE_METHOD_MATCH = YES;
				"CODE_SIGN_IDENTITY[sdk=iphoneos*]" = "iPhone Developer";
				COPY_PHASE_STRIP = NO;
				DEBUG_INFORMATION_FORMAT = dwarf;
				ENABLE_STRICT_OBJC_MSGSEND = YES;
				ENABLE_TESTABILITY = YES;
				GCC_C_LANGUAGE_STANDARD = gnu99;
				GCC_DYNAMIC_NO_PIC = NO;
				GCC_NO_COMMON_BLOCKS = YES;
				GCC_OPTIMIZATION_LEVEL = 0;
				GCC_PREPROCESSOR_DEFINITIONS = (
					"DEBUG=1",
					"$(inherited)",
				);
				GCC_WARN_64_TO_32_BIT_CONVERSION = YES;
				GCC_WARN_ABOUT_RETURN_TYPE = YES_ERROR;
				GCC_WARN_UNDECLARED_SELECTOR = YES;
				GCC_WARN_UNINITIALIZED_AUTOS = YES_AGGRESSIVE;
				GCC_WARN_UNUSED_FUNCTION = YES;
				GCC_WARN_UNUSED_VARIABLE = YES;
				IPHONEOS_DEPLOYMENT_TARGET = 9.0;
				MTL_ENABLE_DEBUG_INFO = YES;
				ONLY_ACTIVE_ARCH = YES;
				SDKROOT = iphoneos;
			};
			name = Debug;
		};
		9E167F3F1BB648D100B6B17A /* Release */ = {
			isa = XCBuildConfiguration;
			buildSettings = {
				ALWAYS_SEARCH_USER_PATHS = NO;
				CLANG_CXX_LANGUAGE_STANDARD = "gnu++0x";
				CLANG_CXX_LIBRARY = "libc++";
				CLANG_ENABLE_MODULES = YES;
				CLANG_ENABLE_OBJC_ARC = YES;
				CLANG_WARN_BOOL_CONVERSION = YES;
				CLANG_WARN_CONSTANT_CONVERSION = YES;
				CLANG_WARN_DIRECT_OBJC_ISA_USAGE = YES_ERROR;
				CLANG_WARN_EMPTY_BODY = YES;
				CLANG_WARN_ENUM_CONVERSION = YES;
				CLANG_WARN_INT_CONVERSION = YES;
				CLANG_WARN_OBJC_ROOT_CLASS = YES_ERROR;
				CLANG_WARN_UNREACHABLE_CODE = YES;
				CLANG_WARN__DUPLICATE_METHOD_MATCH = YES;
				"CODE_SIGN_IDENTITY[sdk=iphoneos*]" = "iPhone Developer";
				COPY_PHASE_STRIP = NO;
				DEBUG_INFORMATION_FORMAT = "dwarf-with-dsym";
				ENABLE_NS_ASSERTIONS = NO;
				ENABLE_STRICT_OBJC_MSGSEND = YES;
				GCC_C_LANGUAGE_STANDARD = gnu99;
				GCC_NO_COMMON_BLOCKS = YES;
				GCC_WARN_64_TO_32_BIT_CONVERSION = YES;
				GCC_WARN_ABOUT_RETURN_TYPE = YES_ERROR;
				GCC_WARN_UNDECLARED_SELECTOR = YES;
				GCC_WARN_UNINITIALIZED_AUTOS = YES_AGGRESSIVE;
				GCC_WARN_UNUSED_FUNCTION = YES;
				GCC_WARN_UNUSED_VARIABLE = YES;
				IPHONEOS_DEPLOYMENT_TARGET = 9.0;
				MTL_ENABLE_DEBUG_INFO = NO;
				SDKROOT = iphoneos;
				VALIDATE_PRODUCT = YES;
			};
			name = Release;
		};
		9E167F411BB648D100B6B17A /* Debug */ = {
			isa = XCBuildConfiguration;
			buildSettings = {
				ASSETCATALOG_COMPILER_APPICON_NAME = AppIcon;
				INFOPLIST_FILE = QAchat/Info.plist;
				IPHONEOS_DEPLOYMENT_TARGET = 7.0;
				LD_RUNPATH_SEARCH_PATHS = "$(inherited) @executable_path/Frameworks";
				PRODUCT_BUNDLE_IDENTIFIER = com.hunghuynh.QAchat;
				PRODUCT_NAME = "$(TARGET_NAME)";
			};
			name = Debug;
		};
		9E167F421BB648D100B6B17A /* Release */ = {
			isa = XCBuildConfiguration;
			buildSettings = {
				ASSETCATALOG_COMPILER_APPICON_NAME = AppIcon;
				INFOPLIST_FILE = QAchat/Info.plist;
				IPHONEOS_DEPLOYMENT_TARGET = 7.0;
				LD_RUNPATH_SEARCH_PATHS = "$(inherited) @executable_path/Frameworks";
				PRODUCT_BUNDLE_IDENTIFIER = com.hunghuynh.QAchat;
				PRODUCT_NAME = "$(TARGET_NAME)";
			};
			name = Release;
		};
/* End XCBuildConfiguration section */

/* Begin XCConfigurationList section */
		9E167F211BB648D100B6B17A /* Build configuration list for PBXProject "QAchat" */ = {
			isa = XCConfigurationList;
			buildConfigurations = (
				9E167F3E1BB648D100B6B17A /* Debug */,
				9E167F3F1BB648D100B6B17A /* Release */,
			);
			defaultConfigurationIsVisible = 0;
			defaultConfigurationName = Release;
		};
		9E167F401BB648D100B6B17A /* Build configuration list for PBXNativeTarget "QAchat" */ = {
			isa = XCConfigurationList;
			buildConfigurations = (
				9E167F411BB648D100B6B17A /* Debug */,
				9E167F421BB648D100B6B17A /* Release */,
			);
			defaultConfigurationIsVisible = 0;
			defaultConfigurationName = Release;
		};
/* End XCConfigurationList section */

/* Begin XCVersionGroup section */
		9E167F351BB648D100B6B17A /* QAchat.xcdatamodeld */ = {
			isa = XCVersionGroup;
			children = (
				9E167F361BB648D100B6B17A /* QAchat.xcdatamodel */,
			);
			currentVersion = 9E167F361BB648D100B6B17A /* QAchat.xcdatamodel */;
			path = QAchat.xcdatamodeld;
			sourceTree = "<group>";
			versionGroupType = wrapper.xcdatamodel;
		};
/* End XCVersionGroup section */
	};
	rootObject = 9E167F1E1BB648D100B6B17A /* Project object */;
}
